
Microsoft Visual Studio Solution File, Format Version 12.00
# Visual Studio Version 17
VisualStudioVersion = 17.14.36518.9 d17.14
MinimumVisualStudioVersion = 10.0.40219.1
Project("{FAE04EC0-301F-11D3-BF4B-00C04F79EFBC}") = "LeetCode 3516", "LeetCode 3516.csproj", "{DA2833C4-64CA-47DF-B486-DB0DFB0277C2}"
EndProject
Global
	GlobalSection(SolutionConfigurationPlatforms) = preSolution
		Debug|Any CPU = Debug|Any CPU
		Release|Any CPU = Release|Any CPU
	EndGlobalSection
	GlobalSection(ProjectConfigurationPlatforms) = postSolution
		{DA2833C4-64CA-47DF-B486-DB0DFB0277C2}.Debug|Any CPU.ActiveCfg = Debug|Any CPU
		{DA2833C4-64CA-47DF-B486-DB0DFB0277C2}.Debug|Any CPU.Build.0 = Debug|Any CPU
		{DA2833C4-64CA-47DF-B486-DB0DFB0277C2}.Release|Any CPU.ActiveCfg = Release|Any CPU
		{DA2833C4-64CA-47DF-B486-DB0DFB0277C2}.Release|Any CPU.Build.0 = Release|Any CPU
	EndGlobalSection
	GlobalSection(SolutionProperties) = preSolution
		HideSolutionNode = FALSE
	EndGlobalSection
	GlobalSection(ExtensibilityGlobals) = postSolution
		SolutionGuid = {60EE9891-2C70-44F5-9B7A-7F69FD207F46}
	EndGlobalSection
EndGlobal
